
Microsoft Visual Studio Solution File, Format Version 12.00
# Visual Studio Version 17
VisualStudioVersion = 17.3.32929.385
MinimumVisualStudioVersion = 10.0.40219.1
Project("{FAE04EC0-301F-11D3-BF4B-00C04F79EFBC}") = "ETS_Ejercicio_8", "ETS_Ejercicio_8\ETS_Ejercicio_8.csproj", "{1901547B-68FE-4BC3-8C3E-FAB6B17EC7B4}"
EndProject
Global
	GlobalSection(SolutionConfigurationPlatforms) = preSolution
		Debug|Any CPU = Debug|Any CPU
		Release|Any CPU = Release|Any CPU
	EndGlobalSection
	GlobalSection(ProjectConfigurationPlatforms) = postSolution
		{1901547B-68FE-4BC3-8C3E-FAB6B17EC7B4}.Debug|Any CPU.ActiveCfg = Debug|Any CPU
		{1901547B-68FE-4BC3-8C3E-FAB6B17EC7B4}.Debug|Any CPU.Build.0 = Debug|Any CPU
		{1901547B-68FE-4BC3-8C3E-FAB6B17EC7B4}.Release|Any CPU.ActiveCfg = Release|Any CPU
		{1901547B-68FE-4BC3-8C3E-FAB6B17EC7B4}.Release|Any CPU.Build.0 = Release|Any CPU
	EndGlobalSection
	GlobalSection(SolutionProperties) = preSolution
		HideSolutionNode = FALSE
	EndGlobalSection
	GlobalSection(ExtensibilityGlobals) = postSolution
		SolutionGuid = {2CA1E136-69B9-42F2-8992-4E38329F43AB}
	EndGlobalSection
EndGlobal
